
Microsoft Visual Studio Solution File, Format Version 12.00
# Visual Studio 15
VisualStudioVersion = 15.0.28307.421
MinimumVisualStudioVersion = 10.0.40219.1
Project("{FAE04EC0-301F-11D3-BF4B-00C04F79EFBC}") = "文档统计", "文档统计\文档统计.csproj", "{F98F3904-FF14-4480-A511-E8CAC5F8BB4E}"
EndProject
Global
	GlobalSection(SolutionConfigurationPlatforms) = preSolution
		Debug|Any CPU = Debug|Any CPU
		Release|Any CPU = Release|Any CPU
	EndGlobalSection
	GlobalSection(ProjectConfigurationPlatforms) = postSolution
		{F98F3904-FF14-4480-A511-E8CAC5F8BB4E}.Debug|Any CPU.ActiveCfg = Debug|Any CPU
		{F98F3904-FF14-4480-A511-E8CAC5F8BB4E}.Debug|Any CPU.Build.0 = Debug|Any CPU
		{F98F3904-FF14-4480-A511-E8CAC5F8BB4E}.Release|Any CPU.ActiveCfg = Release|Any CPU
		{F98F3904-FF14-4480-A511-E8CAC5F8BB4E}.Release|Any CPU.Build.0 = Release|Any CPU
	EndGlobalSection
	GlobalSection(SolutionProperties) = preSolution
		HideSolutionNode = FALSE
	EndGlobalSection
	GlobalSection(ExtensibilityGlobals) = postSolution
		SolutionGuid = {3BED59E4-B5A4-46C4-842C-5D34B8ACD0FD}
	EndGlobalSection
EndGlobal
